
Microsoft Visual Studio Solution File, Format Version 12.00
Project("{FAE04EC0-301F-11D3-BF4B-00C04F79EFBC}") = "Mindbox task", "Mindbox task\Mindbox task.csproj", "{86444727-F34E-48C1-9852-A88E8D057863}"
EndProject
Global
	GlobalSection(SolutionConfigurationPlatforms) = preSolution
		Debug|Any CPU = Debug|Any CPU
		Release|Any CPU = Release|Any CPU
	EndGlobalSection
	GlobalSection(ProjectConfigurationPlatforms) = postSolution
		{86444727-F34E-48C1-9852-A88E8D057863}.Debug|Any CPU.ActiveCfg = Debug|Any CPU
		{86444727-F34E-48C1-9852-A88E8D057863}.Debug|Any CPU.Build.0 = Debug|Any CPU
		{86444727-F34E-48C1-9852-A88E8D057863}.Release|Any CPU.ActiveCfg = Release|Any CPU
		{86444727-F34E-48C1-9852-A88E8D057863}.Release|Any CPU.Build.0 = Release|Any CPU
	EndGlobalSection
EndGlobal
